{
  "name": "hajira-tracking",
  "lockfileVersion": 3,
  "requires": true,
  "packages": {
    "": {
      "name": "hajira-tracking",
      "license": "MIT",
      "workspaces": [
        "packages/*"
      ]
    },
    "node_modules/@hajiracm/tracking-core": {
      "resolved": "packages/tracking-core",
      "link": true
    },
    "node_modules/@hajiracm/tracking-expo": {
      "resolved": "packages/tracking-expo",
      "link": true
    },
    "node_modules/@hajiracm/tracking-init": {
      "resolved": "packages/tracking-init",
      "link": true
    },
    "node_modules/typescript": {
      "version": "5.9.3",
      "resolved": "https://registry.npmjs.org/typescript/-/typescript-5.9.3.tgz",
      "integrity": "sha512-jl1vZzPDinLr9eUt3J/t7V6FgNEw9QjvBPdysz9KfQDD41fQrC2Y4vKQdiaUpFT4bXlb1RHhLpp8wtm6M5TgSw==",
      "dev": true,
      "license": "Apache-2.0",
      "bin": {
        "tsc": "bin/tsc",
        "tsserver": "bin/tsserver"
      },
      "engines": {
        "node": ">=14.17"
      }
    },
    "packages/tracking-core": {
      "name": "@hajiracm/tracking-core",
      "version": "0.1.0",
      "license": "MIT",
      "devDependencies": {
        "typescript": "^5.8.3"
      }
    },
    "packages/tracking-expo": {
      "name": "@hajiracm/tracking-expo",
      "version": "0.1.0",
      "license": "MIT",
      "dependencies": {
        "@hajiracm/tracking-core": "^0.1.0"
      },
      "devDependencies": {
        "typescript": "^5.8.3"
      },
      "peerDependencies": {
        "@react-native-async-storage/async-storage": "*",
        "@react-native-community/netinfo": "*",
        "expo-constants": "*",
        "expo-location": "*",
        "expo-sqlite": "*",
        "expo-task-manager": "*",
        "react": "*",
        "react-native": "*"
      }
    },
    "packages/tracking-init": {
      "name": "@hajiracm/tracking-init",
      "version": "0.2.0",
      "license": "MIT",
      "dependencies": {
        "@hajiracm/tracking-core": "^0.1.0"
      },
      "devDependencies": {
        "typescript": "^5.8.3"
      },
      "peerDependencies": {
        "@react-native-async-storage/async-storage": "*",
        "@react-native-community/netinfo": "*",
        "expo-constants": "*",
        "expo-location": "*",
        "expo-task-manager": "*",
        "react": "*",
        "react-native": "*"
      }
    }
  }
}
